
Microsoft Visual Studio Solution File, Format Version 12.00
# Visual Studio Version 17
VisualStudioVersion = 17.1.32210.238
MinimumVisualStudioVersion = 10.0.40219.1
Project("{8BC9CEB8-8B4A-11D0-8D11-00A0C91BC942}") = "rezolvare", "rezolvare\rezolvare.vcxproj", "{6FEFDC37-5ADF-422F-A2D6-DE384DA4881E}"
EndProject
Global
	GlobalSection(SolutionConfigurationPlatforms) = preSolution
		Debug|x64 = Debug|x64
		Release|x64 = Release|x64
	EndGlobalSection
	GlobalSection(ProjectConfigurationPlatforms) = postSolution
		{6FEFDC37-5ADF-422F-A2D6-DE384DA4881E}.Debug|x64.ActiveCfg = Debug|x64
		{6FEFDC37-5ADF-422F-A2D6-DE384DA4881E}.Debug|x64.Build.0 = Debug|x64
		{6FEFDC37-5ADF-422F-A2D6-DE384DA4881E}.Release|x64.ActiveCfg = Release|x64
		{6FEFDC37-5ADF-422F-A2D6-DE384DA4881E}.Release|x64.Build.0 = Release|x64
	EndGlobalSection
	GlobalSection(SolutionProperties) = preSolution
		HideSolutionNode = FALSE
	EndGlobalSection
	GlobalSection(ExtensibilityGlobals) = postSolution
		SolutionGuid = {182EA84D-0716-4E8D-9F92-C7F56BA24C54}
	EndGlobalSection
EndGlobal
