
Microsoft Visual Studio Solution File, Format Version 12.00
# Visual Studio Version 17
VisualStudioVersion = 17.4.33205.214
MinimumVisualStudioVersion = 10.0.40219.1
Project("{9A19103F-16F7-4668-BE54-9A1E7A4F7556}") = "Model", "Model\Model.csproj", "{3A589650-B995-4D79-BB5A-5244D3C29974}"
EndProject
Project("{9A19103F-16F7-4668-BE54-9A1E7A4F7556}") = "Persistance", "Persistance\Persistance.csproj", "{E28856B0-B076-4736-BB69-BCE022E01C91}"
EndProject
Project("{9A19103F-16F7-4668-BE54-9A1E7A4F7556}") = "Services", "Services\Services.csproj", "{12C4611E-D20C-4970-BFFE-019BEA1715C0}"
EndProject
Project("{9A19103F-16F7-4668-BE54-9A1E7A4F7556}") = "Server", "Server\Server.csproj", "{19932AE7-E1BD-4AB3-AC0A-DB1184BB83FF}"
EndProject
Project("{9A19103F-16F7-4668-BE54-9A1E7A4F7556}") = "Client", "Client\Client.csproj", "{CB79672D-E112-4827-A538-8412C0A4C55C}"
EndProject
Project("{9A19103F-16F7-4668-BE54-9A1E7A4F7556}") = "Networking", "Networking\Networking.csproj", "{4FB00E83-A4C9-4450-AD09-DA02FDCABBFF}"
EndProject
Project("{9A19103F-16F7-4668-BE54-9A1E7A4F7556}") = "WebApi", "WebApi\WebApi.csproj", "{0A94E03E-CE3B-446C-9D32-E09BA683EC79}"
EndProject
Project("{FAE04EC0-301F-11D3-BF4B-00C04F79EFBC}") = "ClientTest", "ClientTest\ClientTest.csproj", "{FA670EF0-B80B-4858-8B53-9983E95CB048}"
EndProject
Global
	GlobalSection(SolutionConfigurationPlatforms) = preSolution
		Debug|Any CPU = Debug|Any CPU
		Release|Any CPU = Release|Any CPU
	EndGlobalSection
	GlobalSection(ProjectConfigurationPlatforms) = postSolution
		{3A589650-B995-4D79-BB5A-5244D3C29974}.Debug|Any CPU.ActiveCfg = Debug|Any CPU
		{3A589650-B995-4D79-BB5A-5244D3C29974}.Debug|Any CPU.Build.0 = Debug|Any CPU
		{3A589650-B995-4D79-BB5A-5244D3C29974}.Release|Any CPU.ActiveCfg = Release|Any CPU
		{3A589650-B995-4D79-BB5A-5244D3C29974}.Release|Any CPU.Build.0 = Release|Any CPU
		{E28856B0-B076-4736-BB69-BCE022E01C91}.Debug|Any CPU.ActiveCfg = Debug|Any CPU
		{E28856B0-B076-4736-BB69-BCE022E01C91}.Debug|Any CPU.Build.0 = Debug|Any CPU
		{E28856B0-B076-4736-BB69-BCE022E01C91}.Release|Any CPU.ActiveCfg = Release|Any CPU
		{E28856B0-B076-4736-BB69-BCE022E01C91}.Release|Any CPU.Build.0 = Release|Any CPU
		{12C4611E-D20C-4970-BFFE-019BEA1715C0}.Debug|Any CPU.ActiveCfg = Debug|Any CPU
		{12C4611E-D20C-4970-BFFE-019BEA1715C0}.Debug|Any CPU.Build.0 = Debug|Any CPU
		{12C4611E-D20C-4970-BFFE-019BEA1715C0}.Release|Any CPU.ActiveCfg = Release|Any CPU
		{12C4611E-D20C-4970-BFFE-019BEA1715C0}.Release|Any CPU.Build.0 = Release|Any CPU
		{19932AE7-E1BD-4AB3-AC0A-DB1184BB83FF}.Debug|Any CPU.ActiveCfg = Debug|Any CPU
		{19932AE7-E1BD-4AB3-AC0A-DB1184BB83FF}.Debug|Any CPU.Build.0 = Debug|Any CPU
		{19932AE7-E1BD-4AB3-AC0A-DB1184BB83FF}.Release|Any CPU.ActiveCfg = Release|Any CPU
		{19932AE7-E1BD-4AB3-AC0A-DB1184BB83FF}.Release|Any CPU.Build.0 = Release|Any CPU
		{CB79672D-E112-4827-A538-8412C0A4C55C}.Debug|Any CPU.ActiveCfg = Debug|Any CPU
		{CB79672D-E112-4827-A538-8412C0A4C55C}.Debug|Any CPU.Build.0 = Debug|Any CPU
		{CB79672D-E112-4827-A538-8412C0A4C55C}.Release|Any CPU.ActiveCfg = Release|Any CPU
		{CB79672D-E112-4827-A538-8412C0A4C55C}.Release|Any CPU.Build.0 = Release|Any CPU
		{4FB00E83-A4C9-4450-AD09-DA02FDCABBFF}.Debug|Any CPU.ActiveCfg = Debug|Any CPU
		{4FB00E83-A4C9-4450-AD09-DA02FDCABBFF}.Debug|Any CPU.Build.0 = Debug|Any CPU
		{4FB00E83-A4C9-4450-AD09-DA02FDCABBFF}.Release|Any CPU.ActiveCfg = Release|Any CPU
		{4FB00E83-A4C9-4450-AD09-DA02FDCABBFF}.Release|Any CPU.Build.0 = Release|Any CPU
		{0A94E03E-CE3B-446C-9D32-E09BA683EC79}.Debug|Any CPU.ActiveCfg = Debug|Any CPU
		{0A94E03E-CE3B-446C-9D32-E09BA683EC79}.Debug|Any CPU.Build.0 = Debug|Any CPU
		{0A94E03E-CE3B-446C-9D32-E09BA683EC79}.Release|Any CPU.ActiveCfg = Release|Any CPU
		{0A94E03E-CE3B-446C-9D32-E09BA683EC79}.Release|Any CPU.Build.0 = Release|Any CPU
		{FA670EF0-B80B-4858-8B53-9983E95CB048}.Debug|Any CPU.ActiveCfg = Debug|Any CPU
		{FA670EF0-B80B-4858-8B53-9983E95CB048}.Debug|Any CPU.Build.0 = Debug|Any CPU
		{FA670EF0-B80B-4858-8B53-9983E95CB048}.Release|Any CPU.ActiveCfg = Release|Any CPU
		{FA670EF0-B80B-4858-8B53-9983E95CB048}.Release|Any CPU.Build.0 = Release|Any CPU
	EndGlobalSection
	GlobalSection(SolutionProperties) = preSolution
		HideSolutionNode = FALSE
	EndGlobalSection
	GlobalSection(ExtensibilityGlobals) = postSolution
		SolutionGuid = {B41FE7D2-61F5-452C-9C16-3A5D5DC1249A}
	EndGlobalSection
EndGlobal
