
Microsoft Visual Studio Solution File, Format Version 12.00
# Visual Studio Version 17
VisualStudioVersion = 17.4.33205.214
MinimumVisualStudioVersion = 10.0.40219.1
Project("{FAE04EC0-301F-11D3-BF4B-00C04F79EFBC}") = "Laborator_8", "Laborator_8\Laborator_8.csproj", "{0B953CC9-F159-444C-83AA-587690564A6B}"
EndProject
Global
	GlobalSection(SolutionConfigurationPlatforms) = preSolution
		Debug|Any CPU = Debug|Any CPU
		Release|Any CPU = Release|Any CPU
	EndGlobalSection
	GlobalSection(ProjectConfigurationPlatforms) = postSolution
		{0B953CC9-F159-444C-83AA-587690564A6B}.Debug|Any CPU.ActiveCfg = Debug|Any CPU
		{0B953CC9-F159-444C-83AA-587690564A6B}.Debug|Any CPU.Build.0 = Debug|Any CPU
		{0B953CC9-F159-444C-83AA-587690564A6B}.Release|Any CPU.ActiveCfg = Release|Any CPU
		{0B953CC9-F159-444C-83AA-587690564A6B}.Release|Any CPU.Build.0 = Release|Any CPU
	EndGlobalSection
	GlobalSection(SolutionProperties) = preSolution
		HideSolutionNode = FALSE
	EndGlobalSection
	GlobalSection(ExtensibilityGlobals) = postSolution
		SolutionGuid = {95434E7A-F20D-4A01-84BE-4F76CC81353A}
	EndGlobalSection
EndGlobal
